
Microsoft Visual Studio Solution File, Format Version 12.00
# Visual Studio Version 16
VisualStudioVersion = 16.0.29911.84
MinimumVisualStudioVersion = 10.0.40219.1
Project("{FAE04EC0-301F-11D3-BF4B-00C04F79EFBC}") = "PostSharp.Tutorials.Threading", "PostSharp.Tutorials.Threading.csproj", "{EF2F5926-4949-4EA0-9C91-BFE9CD9B5CCA}"
EndProject
Global
	GlobalSection(SolutionConfigurationPlatforms) = preSolution
		Debug|Any CPU = Debug|Any CPU
		Release|Any CPU = Release|Any CPU
	EndGlobalSection
	GlobalSection(ProjectConfigurationPlatforms) = postSolution
		{EF2F5926-4949-4EA0-9C91-BFE9CD9B5CCA}.Debug|Any CPU.ActiveCfg = Debug|Any CPU
		{EF2F5926-4949-4EA0-9C91-BFE9CD9B5CCA}.Debug|Any CPU.Build.0 = Debug|Any CPU
		{EF2F5926-4949-4EA0-9C91-BFE9CD9B5CCA}.Release|Any CPU.ActiveCfg = Release|Any CPU
		{EF2F5926-4949-4EA0-9C91-BFE9CD9B5CCA}.Release|Any CPU.Build.0 = Release|Any CPU
	EndGlobalSection
	GlobalSection(SolutionProperties) = preSolution
		HideSolutionNode = FALSE
	EndGlobalSection
	GlobalSection(ExtensibilityGlobals) = postSolution
		SolutionGuid = {A84E0CAB-DB4E-4F05-9EA1-89231E410C9A}
	EndGlobalSection
EndGlobal
