
Microsoft Visual Studio Solution File, Format Version 12.00
# Visual Studio Version 16
VisualStudioVersion = 16.0.29911.84
MinimumVisualStudioVersion = 10.0.40219.1
Project("{FAE04EC0-301F-11D3-BF4B-00C04F79EFBC}") = "PostSharp.Tutorials.MVVM", "PostSharp.Tutorials.MVVM.csproj", "{B10B8456-75F7-4D68-9775-CC87517B07B6}"
EndProject
Global
	GlobalSection(SolutionConfigurationPlatforms) = preSolution
		Debug|Any CPU = Debug|Any CPU
		Release|Any CPU = Release|Any CPU
	EndGlobalSection
	GlobalSection(ProjectConfigurationPlatforms) = postSolution
		{B10B8456-75F7-4D68-9775-CC87517B07B6}.Debug|Any CPU.ActiveCfg = Debug|Any CPU
		{B10B8456-75F7-4D68-9775-CC87517B07B6}.Debug|Any CPU.Build.0 = Debug|Any CPU
		{B10B8456-75F7-4D68-9775-CC87517B07B6}.Release|Any CPU.ActiveCfg = Release|Any CPU
		{B10B8456-75F7-4D68-9775-CC87517B07B6}.Release|Any CPU.Build.0 = Release|Any CPU
	EndGlobalSection
	GlobalSection(SolutionProperties) = preSolution
		HideSolutionNode = FALSE
	EndGlobalSection
	GlobalSection(ExtensibilityGlobals) = postSolution
		SolutionGuid = {5B4491F5-EB27-40C6-AB73-3668A9AC413A}
	EndGlobalSection
EndGlobal
