
Microsoft Visual Studio Solution File, Format Version 12.00
# Visual Studio Version 16
VisualStudioVersion = 16.0.29911.84
MinimumVisualStudioVersion = 10.0.40219.1
Project("{FAE04EC0-301F-11D3-BF4B-00C04F79EFBC}") = "PostSharp.Tutorials.Logging", "PostSharp.Tutorials.Logging.csproj", "{13C808D7-1994-4E4E-B907-ACD75853B484}"
EndProject
Global
	GlobalSection(SolutionConfigurationPlatforms) = preSolution
		Debug|Any CPU = Debug|Any CPU
		Release|Any CPU = Release|Any CPU
	EndGlobalSection
	GlobalSection(ProjectConfigurationPlatforms) = postSolution
		{13C808D7-1994-4E4E-B907-ACD75853B484}.Debug|Any CPU.ActiveCfg = Debug|Any CPU
		{13C808D7-1994-4E4E-B907-ACD75853B484}.Debug|Any CPU.Build.0 = Debug|Any CPU
		{13C808D7-1994-4E4E-B907-ACD75853B484}.Release|Any CPU.ActiveCfg = Release|Any CPU
		{13C808D7-1994-4E4E-B907-ACD75853B484}.Release|Any CPU.Build.0 = Release|Any CPU
	EndGlobalSection
	GlobalSection(SolutionProperties) = preSolution
		HideSolutionNode = FALSE
	EndGlobalSection
	GlobalSection(ExtensibilityGlobals) = postSolution
		SolutionGuid = {D5F57F97-E274-47D6-8DC6-4A9C2E921F09}
	EndGlobalSection
EndGlobal
